%{
  "earmark": {:hex, :earmark, "1.4.48", "5f41e579d85ef812351211842b6e005f6e0cef111216dea7d4b9d58af4608434", [:mix], [], "hexpm", "a461a0ddfdc5432381c876af1c86c411fd78a25790c75023c7a4c035fdc858f9"},
  "faker": {:hex, :faker, "0.8.0", "91880d7aa0882ceca77849a28cecddaa337e274ac35197b65c7ad38cfa4517ab", [:mix], [], "hexpm", "968244083ef9b821b021ce40863c5b097877cdc3a22fb6750166ec94609decf0"},
  "poison": {:hex, :poison, "5.0.0", "d2b54589ab4157bbb82ec2050757779bfed724463a544b6e20d79855a9e43b24", [:mix], [{:decimal, "~> 2.0", [hex: :decimal, repo: "hexpm", optional: true]}], "hexpm", "11dc6117c501b80c62a7594f941d043982a1bd05a1184280c0d9166eb4d8d3fc"},
}
